
Microsoft Visual Studio Solution File, Format Version 12.00
# Visual Studio Version 16
VisualStudioVersion = 16.0.33214.272
MinimumVisualStudioVersion = 10.0.40219.1
Project("{FAE04EC0-301F-11D3-BF4B-00C04F79EFBC}") = "BigONotation", "BigONotation\BigONotation.csproj", "{6F4A7F2B-A8C7-4DBE-A7E7-CF619A398B71}"
EndProject
Global
	GlobalSection(SolutionConfigurationPlatforms) = preSolution
		Debug|Any CPU = Debug|Any CPU
		Release|Any CPU = Release|Any CPU
	EndGlobalSection
	GlobalSection(ProjectConfigurationPlatforms) = postSolution
		{6F4A7F2B-A8C7-4DBE-A7E7-CF619A398B71}.Debug|Any CPU.ActiveCfg = Debug|Any CPU
		{6F4A7F2B-A8C7-4DBE-A7E7-CF619A398B71}.Debug|Any CPU.Build.0 = Debug|Any CPU
		{6F4A7F2B-A8C7-4DBE-A7E7-CF619A398B71}.Release|Any CPU.ActiveCfg = Release|Any CPU
		{6F4A7F2B-A8C7-4DBE-A7E7-CF619A398B71}.Release|Any CPU.Build.0 = Release|Any CPU
	EndGlobalSection
	GlobalSection(SolutionProperties) = preSolution
		HideSolutionNode = FALSE
	EndGlobalSection
	GlobalSection(ExtensibilityGlobals) = postSolution
		SolutionGuid = {0A154F6C-B076-47DA-B997-3A23FACA24A9}
	EndGlobalSection
EndGlobal
